
Microsoft Visual Studio Solution File, Format Version 12.00
# Visual Studio Version 16
VisualStudioVersion = 16.0.30711.63
MinimumVisualStudioVersion = 10.0.40219.1
Project("{2150E333-8FDC-42A3-9474-1A3956D46DE8}") = "src", "src", "{EC08DB63-D482-492F-BEFD-3F79C87A6622}"
EndProject
Project("{FAE04EC0-301F-11D3-BF4B-00C04F79EFBC}") = "Training.DevelopersExpert.Api", "src\Training.DevelopersExpert.Api\Training.DevelopersExpert.Api.csproj", "{D9F5DAF3-0B78-49E7-8E24-7314FEDC0354}"
EndProject
Global
	GlobalSection(SolutionConfigurationPlatforms) = preSolution
		Debug|Any CPU = Debug|Any CPU
		Release|Any CPU = Release|Any CPU
	EndGlobalSection
	GlobalSection(ProjectConfigurationPlatforms) = postSolution
		{D9F5DAF3-0B78-49E7-8E24-7314FEDC0354}.Debug|Any CPU.ActiveCfg = Debug|Any CPU
		{D9F5DAF3-0B78-49E7-8E24-7314FEDC0354}.Debug|Any CPU.Build.0 = Debug|Any CPU
		{D9F5DAF3-0B78-49E7-8E24-7314FEDC0354}.Release|Any CPU.ActiveCfg = Release|Any CPU
		{D9F5DAF3-0B78-49E7-8E24-7314FEDC0354}.Release|Any CPU.Build.0 = Release|Any CPU
	EndGlobalSection
	GlobalSection(SolutionProperties) = preSolution
		HideSolutionNode = FALSE
	EndGlobalSection
	GlobalSection(NestedProjects) = preSolution
		{D9F5DAF3-0B78-49E7-8E24-7314FEDC0354} = {EC08DB63-D482-492F-BEFD-3F79C87A6622}
	EndGlobalSection
	GlobalSection(ExtensibilityGlobals) = postSolution
		SolutionGuid = {EF85297A-C9F2-457C-BE71-D8BA5E65474B}
	EndGlobalSection
EndGlobal
